
Microsoft Visual Studio Solution File, Format Version 12.00
# Visual Studio Version 17
VisualStudioVersion = 17.7.34202.233
MinimumVisualStudioVersion = 10.0.40219.1
Project("{FAE04EC0-301F-11D3-BF4B-00C04F79EFBC}") = "EnigmaMachinePrj", "EnigmaMachinePrj\EnigmaMachinePrj.csproj", "{DFEBDF7E-765F-482A-8797-6F950C6D2925}"
EndProject
Global
	GlobalSection(SolutionConfigurationPlatforms) = preSolution
		Debug|Any CPU = Debug|Any CPU
		Release|Any CPU = Release|Any CPU
	EndGlobalSection
	GlobalSection(ProjectConfigurationPlatforms) = postSolution
		{DFEBDF7E-765F-482A-8797-6F950C6D2925}.Debug|Any CPU.ActiveCfg = Debug|Any CPU
		{DFEBDF7E-765F-482A-8797-6F950C6D2925}.Debug|Any CPU.Build.0 = Debug|Any CPU
		{DFEBDF7E-765F-482A-8797-6F950C6D2925}.Release|Any CPU.ActiveCfg = Release|Any CPU
		{DFEBDF7E-765F-482A-8797-6F950C6D2925}.Release|Any CPU.Build.0 = Release|Any CPU
	EndGlobalSection
	GlobalSection(SolutionProperties) = preSolution
		HideSolutionNode = FALSE
	EndGlobalSection
	GlobalSection(ExtensibilityGlobals) = postSolution
		SolutionGuid = {46B8A67E-2711-4F65-868F-04366EDF9166}
	EndGlobalSection
EndGlobal
